
Microsoft Visual Studio Solution File, Format Version 12.00
# Visual Studio 15
VisualStudioVersion = 15.0.26206.0
MinimumVisualStudioVersion = 10.0.40219.1
Project("{FAE04EC0-301F-11D3-BF4B-00C04F79EFBC}") = "w3gReplayEditor", "w3gReplayEditor\w3gReplayEditor.csproj", "{0810D5EE-C6D4-4F7F-8009-656A322000F9}"
EndProject
Global
	GlobalSection(SolutionConfigurationPlatforms) = preSolution
		Debug|Any CPU = Debug|Any CPU
		Debug|x64 = Debug|x64
		Debug|x86 = Debug|x86
		Release|Any CPU = Release|Any CPU
		Release|x64 = Release|x64
		Release|x86 = Release|x86
	EndGlobalSection
	GlobalSection(ProjectConfigurationPlatforms) = postSolution
		{0810D5EE-C6D4-4F7F-8009-656A322000F9}.Debug|Any CPU.ActiveCfg = Debug|Any CPU
		{0810D5EE-C6D4-4F7F-8009-656A322000F9}.Debug|Any CPU.Build.0 = Debug|Any CPU
		{0810D5EE-C6D4-4F7F-8009-656A322000F9}.Debug|x64.ActiveCfg = Debug|Any CPU
		{0810D5EE-C6D4-4F7F-8009-656A322000F9}.Debug|x64.Build.0 = Debug|Any CPU
		{0810D5EE-C6D4-4F7F-8009-656A322000F9}.Debug|x86.ActiveCfg = Debug|Any CPU
		{0810D5EE-C6D4-4F7F-8009-656A322000F9}.Debug|x86.Build.0 = Debug|Any CPU
		{0810D5EE-C6D4-4F7F-8009-656A322000F9}.Release|Any CPU.ActiveCfg = Release|Any CPU
		{0810D5EE-C6D4-4F7F-8009-656A322000F9}.Release|Any CPU.Build.0 = Release|Any CPU
		{0810D5EE-C6D4-4F7F-8009-656A322000F9}.Release|x64.ActiveCfg = Release|Any CPU
		{0810D5EE-C6D4-4F7F-8009-656A322000F9}.Release|x64.Build.0 = Release|Any CPU
		{0810D5EE-C6D4-4F7F-8009-656A322000F9}.Release|x86.ActiveCfg = Release|Any CPU
		{0810D5EE-C6D4-4F7F-8009-656A322000F9}.Release|x86.Build.0 = Release|Any CPU
	EndGlobalSection
	GlobalSection(SolutionProperties) = preSolution
		HideSolutionNode = FALSE
	EndGlobalSection
EndGlobal
